
Microsoft Visual Studio Solution File, Format Version 12.00
# Visual Studio Version 17
VisualStudioVersion = 17.14.36127.28 d17.14
MinimumVisualStudioVersion = 10.0.40219.1
Project("{FAE04EC0-301F-11D3-BF4B-00C04F79EFBC}") = "EFWebAPI", "EFWebAPI.csproj", "{5A4AA650-6AB4-48E9-8B1C-D435D5744F6C}"
EndProject
Global
	GlobalSection(SolutionConfigurationPlatforms) = preSolution
		Debug|Any CPU = Debug|Any CPU
		Release|Any CPU = Release|Any CPU
	EndGlobalSection
	GlobalSection(ProjectConfigurationPlatforms) = postSolution
		{5A4AA650-6AB4-48E9-8B1C-D435D5744F6C}.Debug|Any CPU.ActiveCfg = Debug|Any CPU
		{5A4AA650-6AB4-48E9-8B1C-D435D5744F6C}.Debug|Any CPU.Build.0 = Debug|Any CPU
		{5A4AA650-6AB4-48E9-8B1C-D435D5744F6C}.Release|Any CPU.ActiveCfg = Release|Any CPU
		{5A4AA650-6AB4-48E9-8B1C-D435D5744F6C}.Release|Any CPU.Build.0 = Release|Any CPU
	EndGlobalSection
	GlobalSection(SolutionProperties) = preSolution
		HideSolutionNode = FALSE
	EndGlobalSection
	GlobalSection(ExtensibilityGlobals) = postSolution
		SolutionGuid = {9F3D47E2-E122-4308-8899-1E71A5F9468C}
	EndGlobalSection
EndGlobal
